
Microsoft Visual Studio Solution File, Format Version 12.00
# Visual Studio Version 17
VisualStudioVersion = 17.7.34221.43
MinimumVisualStudioVersion = 10.0.40219.1
Project("{FAE04EC0-301F-11D3-BF4B-00C04F79EFBC}") = "Server4", "Server4\Server4.csproj", "{EEBC9060-1798-471F-AC73-B60906433DCC}"
EndProject
Global
	GlobalSection(SolutionConfigurationPlatforms) = preSolution
		Debug|Any CPU = Debug|Any CPU
		Release|Any CPU = Release|Any CPU
	EndGlobalSection
	GlobalSection(ProjectConfigurationPlatforms) = postSolution
		{EEBC9060-1798-471F-AC73-B60906433DCC}.Debug|Any CPU.ActiveCfg = Debug|Any CPU
		{EEBC9060-1798-471F-AC73-B60906433DCC}.Debug|Any CPU.Build.0 = Debug|Any CPU
		{EEBC9060-1798-471F-AC73-B60906433DCC}.Release|Any CPU.ActiveCfg = Release|Any CPU
		{EEBC9060-1798-471F-AC73-B60906433DCC}.Release|Any CPU.Build.0 = Release|Any CPU
	EndGlobalSection
	GlobalSection(SolutionProperties) = preSolution
		HideSolutionNode = FALSE
	EndGlobalSection
	GlobalSection(ExtensibilityGlobals) = postSolution
		SolutionGuid = {690F4B42-2EE5-4F10-AEE0-8D1F4F729F08}
	EndGlobalSection
EndGlobal
